
Microsoft Visual Studio Solution File, Format Version 12.00
# Visual Studio Version 17
VisualStudioVersion = 17.11.35327.3
MinimumVisualStudioVersion = 10.0.40219.1
Project("{FAE04EC0-301F-11D3-BF4B-00C04F79EFBC}") = "Hangman_Emir_Yavuz", "Hangman_Emir_Yavuz\Hangman_Emir_Yavuz.csproj", "{D0B3A15C-9142-46DC-9A1B-060AFEF295C2}"
EndProject
Global
	GlobalSection(SolutionConfigurationPlatforms) = preSolution
		Debug|Any CPU = Debug|Any CPU
		Release|Any CPU = Release|Any CPU
	EndGlobalSection
	GlobalSection(ProjectConfigurationPlatforms) = postSolution
		{D0B3A15C-9142-46DC-9A1B-060AFEF295C2}.Debug|Any CPU.ActiveCfg = Debug|Any CPU
		{D0B3A15C-9142-46DC-9A1B-060AFEF295C2}.Debug|Any CPU.Build.0 = Debug|Any CPU
		{D0B3A15C-9142-46DC-9A1B-060AFEF295C2}.Release|Any CPU.ActiveCfg = Release|Any CPU
		{D0B3A15C-9142-46DC-9A1B-060AFEF295C2}.Release|Any CPU.Build.0 = Release|Any CPU
	EndGlobalSection
	GlobalSection(SolutionProperties) = preSolution
		HideSolutionNode = FALSE
	EndGlobalSection
	GlobalSection(ExtensibilityGlobals) = postSolution
		SolutionGuid = {2A93DB19-775F-4262-B2D6-7303BC94BF9E}
	EndGlobalSection
EndGlobal
